
Microsoft Visual Studio Solution File, Format Version 12.00
# Visual Studio 15
VisualStudioVersion = 15.0.26730.16
MinimumVisualStudioVersion = 10.0.40219.1
Project("{FAE04EC0-301F-11D3-BF4B-00C04F79EFBC}") = "Frontend1", "Frontend1\Frontend1.csproj", "{24A24E5E-64CA-45C1-885E-29E67D011D3A}"
EndProject
Global
	GlobalSection(SolutionConfigurationPlatforms) = preSolution
		Debug|Any CPU = Debug|Any CPU
		Release|Any CPU = Release|Any CPU
	EndGlobalSection
	GlobalSection(ProjectConfigurationPlatforms) = postSolution
		{24A24E5E-64CA-45C1-885E-29E67D011D3A}.Debug|Any CPU.ActiveCfg = Debug|Any CPU
		{24A24E5E-64CA-45C1-885E-29E67D011D3A}.Debug|Any CPU.Build.0 = Debug|Any CPU
		{24A24E5E-64CA-45C1-885E-29E67D011D3A}.Release|Any CPU.ActiveCfg = Release|Any CPU
		{24A24E5E-64CA-45C1-885E-29E67D011D3A}.Release|Any CPU.Build.0 = Release|Any CPU
	EndGlobalSection
	GlobalSection(SolutionProperties) = preSolution
		HideSolutionNode = FALSE
	EndGlobalSection
	GlobalSection(ExtensibilityGlobals) = postSolution
		SolutionGuid = {EC00CF9A-35E2-4E46-B3D8-40C6FB738D67}
	EndGlobalSection
EndGlobal
